{
  "name": "config-format-cli-fixture",
  "version": "1.4.0",
  "lockfileVersion": 3,
  "requires": true,
  "packages": {
    "": {
      "name": "config-format-cli-fixture",
      "version": "1.4.0",
      "dependencies": {
        "@fixture/legacy-properties-codec": "file:vendor/legacy-properties-codec"
      },
      "bin": {
        "config-format": "src/cli.js"
      }
    },
    "node_modules/@fixture/legacy-properties-codec": {
      "resolved": "vendor/legacy-properties-codec",
      "link": true
    },
    "vendor/legacy-properties-codec": {
      "name": "@fixture/legacy-properties-codec",
      "version": "1.0.0"
    }
  }
}
